// !$*UTF8*$!
{
	archiveVersion = 1;
	classes = {
	};
	objectVersion = 46;
	objects = {

/* Begin PBXBuildFile section */
		8D24D8861B9620010078157C /* General.m in Sources */ = {isa = PBXBuildFile; fileRef = 8D24D8851B9620010078157C /* General.m */; };
		8D24D8881B9620510078157C /* GeneralTests.m in Sources */ = {isa = PBXBuildFile; fileRef = 8D24D8871B9620510078157C /* GeneralTests.m */; };
		8D24D88C1B9622EB0078157C /* ListNode.m in Sources */ = {isa = PBXBuildFile; fileRef = 8D24D88B1B9622EB0078157C /* ListNode.m */; };
		8D24D8951B9627EA0078157C /* LinkedListTests.m in Sources */ = {isa = PBXBuildFile; fileRef = 8D24D8941B9627EA0078157C /* LinkedListTests.m */; };
		8D24D8981B962C180078157C /* ListUtils.m in Sources */ = {isa = PBXBuildFile; fileRef = 8D24D8971B962C180078157C /* ListUtils.m */; };
		8D43AEBB1B9532C3004F6E90 /* Concurrency.m in Sources */ = {isa = PBXBuildFile; fileRef = 8D43AEBA1B9532C3004F6E90 /* Concurrency.m */; };
		8D43AEBD1B953349004F6E90 /* ConcurrencyTests.m in Sources */ = {isa = PBXBuildFile; fileRef = 8D43AEBC1B953349004F6E90 /* ConcurrencyTests.m */; };
		8D7381F11B94F4DD003CA8F7 /* NumberBinaryTree.m in Sources */ = {isa = PBXBuildFile; fileRef = 8D7381F01B94F4DD003CA8F7 /* NumberBinaryTree.m */; };
		8D7381F81B94F935003CA8F7 /* NumberBinaryTreeTests.m in Sources */ = {isa = PBXBuildFile; fileRef = 8D7381F71B94F935003CA8F7 /* NumberBinaryTreeTests.m */; };
		8D83A5ED1B96BD8500A9C258 /* Arrays.m in Sources */ = {isa = PBXBuildFile; fileRef = 8D83A5EC1B96BD8500A9C258 /* Arrays.m */; };
		8D83A5EF1B96BD9100A9C258 /* ArraysTests.m in Sources */ = {isa = PBXBuildFile; fileRef = 8D83A5EE1B96BD9100A9C258 /* ArraysTests.m */; };
		8DB08A8F1B98CEDA005190D3 /* Heap.m in Sources */ = {isa = PBXBuildFile; fileRef = 8DB08A8E1B98CEDA005190D3 /* Heap.m */; };
		8DB08A911B98CFF3005190D3 /* HeapTests.m in Sources */ = {isa = PBXBuildFile; fileRef = 8DB08A901B98CFF3005190D3 /* HeapTests.m */; };
		8DCCCBC71BA0F0FF0081BFEB /* TMOperationQueue.m in Sources */ = {isa = PBXBuildFile; fileRef = 8DCCCBC61BA0F0FF0081BFEB /* TMOperationQueue.m */; };
		8DD632291B9A21210040B613 /* Cache.m in Sources */ = {isa = PBXBuildFile; fileRef = 8DD632281B9A21210040B613 /* Cache.m */; };
		8DD6322B1B9A23F00040B613 /* CacheTests.m in Sources */ = {isa = PBXBuildFile; fileRef = 8DD6322A1B9A23F00040B613 /* CacheTests.m */; };
		8DE6BA9A1B93BFA200EB1E7A /* main.m in Sources */ = {isa = PBXBuildFile; fileRef = 8DE6BA991B93BFA200EB1E7A /* main.m */; };
		8DE6BA9D1B93BFA200EB1E7A /* AppDelegate.m in Sources */ = {isa = PBXBuildFile; fileRef = 8DE6BA9C1B93BFA200EB1E7A /* AppDelegate.m */; };
		8DE6BAA01B93BFA200EB1E7A /* ViewController.m in Sources */ = {isa = PBXBuildFile; fileRef = 8DE6BA9F1B93BFA200EB1E7A /* ViewController.m */; };
		8DE6BAA31B93BFA200EB1E7A /* Main.storyboard in Resources */ = {isa = PBXBuildFile; fileRef = 8DE6BAA11B93BFA200EB1E7A /* Main.storyboard */; };
		8DE6BAA51B93BFA200EB1E7A /* Images.xcassets in Resources */ = {isa = PBXBuildFile; fileRef = 8DE6BAA41B93BFA200EB1E7A /* Images.xcassets */; };
		8DE6BAA81B93BFA200EB1E7A /* LaunchScreen.xib in Resources */ = {isa = PBXBuildFile; fileRef = 8DE6BAA61B93BFA200EB1E7A /* LaunchScreen.xib */; };
		8DE6BAB41B93BFA200EB1E7A /* Interview_PreparationTests.m in Sources */ = {isa = PBXBuildFile; fileRef = 8DE6BAB31B93BFA200EB1E7A /* Interview_PreparationTests.m */; };
		8DE6BAC61B93C1D800EB1E7A /* BinaryTreeNode.m in Sources */ = {isa = PBXBuildFile; fileRef = 8DE6BAC51B93C1D800EB1E7A /* BinaryTreeNode.m */; };
		8DE6BAC91B93C23D00EB1E7A /* BinaryTree.m in Sources */ = {isa = PBXBuildFile; fileRef = 8DE6BAC81B93C23D00EB1E7A /* BinaryTree.m */; };
		8DE6BACC1B93C5E300EB1E7A /* BinaryTreeTests.m in Sources */ = {isa = PBXBuildFile; fileRef = 8DE6BACB1B93C5E300EB1E7A /* BinaryTreeTests.m */; };
		8DE6BAD01B93E47A00EB1E7A /* NSMutableArray+Stack.m in Sources */ = {isa = PBXBuildFile; fileRef = 8DE6BACF1B93E47A00EB1E7A /* NSMutableArray+Stack.m */; };
/* End PBXBuildFile section */

/* Begin PBXContainerItemProxy section */
		8DE6BAAE1B93BFA200EB1E7A /* PBXContainerItemProxy */ = {
			isa = PBXContainerItemProxy;
			containerPortal = 8DE6BA8C1B93BFA200EB1E7A /* Project object */;
			proxyType = 1;
			remoteGlobalIDString = 8DE6BA931B93BFA200EB1E7A;
			remoteInfo = "Interview Preparation";
		};
/* End PBXContainerItemProxy section */

/* Begin PBXFileReference section */
		8D24D8841B9620010078157C /* General.h */ = {isa = PBXFileReference; fileEncoding = 4; lastKnownFileType = sourcecode.c.h; path = General.h; sourceTree = "<group>"; };
		8D24D8851B9620010078157C /* General.m */ = {isa = PBXFileReference; fileEncoding = 4; lastKnownFileType = sourcecode.c.objc; path = General.m; sourceTree = "<group>"; };
		8D24D8871B9620510078157C /* GeneralTests.m */ = {isa = PBXFileReference; fileEncoding = 4; lastKnownFileType = sourcecode.c.objc; path = GeneralTests.m; sourceTree = "<group>"; };
		8D24D88A1B9622EB0078157C /* ListNode.h */ = {isa = PBXFileReference; fileEncoding = 4; lastKnownFileType = sourcecode.c.h; path = ListNode.h; sourceTree = "<group>"; };
		8D24D88B1B9622EB0078157C /* ListNode.m */ = {isa = PBXFileReference; fileEncoding = 4; lastKnownFileType = sourcecode.c.objc; path = ListNode.m; sourceTree = "<group>"; };
		8D24D88E1B96232B0078157C /* NSObject+Compare.h */ = {isa = PBXFileReference; fileEncoding = 4; lastKnownFileType = sourcecode.c.h; path = "NSObject+Compare.h"; sourceTree = "<group>"; };
		8D24D8941B9627EA0078157C /* LinkedListTests.m */ = {isa = PBXFileReference; fileEncoding = 4; lastKnownFileType = sourcecode.c.objc; path = LinkedListTests.m; sourceTree = "<group>"; };
		8D24D8961B962C180078157C /* ListUtils.h */ = {isa = PBXFileReference; fileEncoding = 4; lastKnownFileType = sourcecode.c.h; path = ListUtils.h; sourceTree = "<group>"; };
		8D24D8971B962C180078157C /* ListUtils.m */ = {isa = PBXFileReference; fileEncoding = 4; lastKnownFileType = sourcecode.c.objc; path = ListUtils.m; sourceTree = "<group>"; };
		8D43AEB91B9532C3004F6E90 /* Concurrency.h */ = {isa = PBXFileReference; fileEncoding = 4; lastKnownFileType = sourcecode.c.h; path = Concurrency.h; sourceTree = "<group>"; };
		8D43AEBA1B9532C3004F6E90 /* Concurrency.m */ = {isa = PBXFileReference; fileEncoding = 4; lastKnownFileType = sourcecode.c.objc; path = Concurrency.m; sourceTree = "<group>"; };
		8D43AEBC1B953349004F6E90 /* ConcurrencyTests.m */ = {isa = PBXFileReference; fileEncoding = 4; lastKnownFileType = sourcecode.c.objc; path = ConcurrencyTests.m; sourceTree = "<group>"; };
		8D7381EF1B94F4DD003CA8F7 /* NumberBinaryTree.h */ = {isa = PBXFileReference; fileEncoding = 4; lastKnownFileType = sourcecode.c.h; path = NumberBinaryTree.h; sourceTree = "<group>"; };
		8D7381F01B94F4DD003CA8F7 /* NumberBinaryTree.m */ = {isa = PBXFileReference; fileEncoding = 4; lastKnownFileType = sourcecode.c.objc; path = NumberBinaryTree.m; sourceTree = "<group>"; };
		8D7381F71B94F935003CA8F7 /* NumberBinaryTreeTests.m */ = {isa = PBXFileReference; fileEncoding = 4; lastKnownFileType = sourcecode.c.objc; path = NumberBinaryTreeTests.m; sourceTree = "<group>"; };
		8D83A5EB1B96BD8500A9C258 /* Arrays.h */ = {isa = PBXFileReference; fileEncoding = 4; lastKnownFileType = sourcecode.c.h; path = Arrays.h; sourceTree = "<group>"; };
		8D83A5EC1B96BD8500A9C258 /* Arrays.m */ = {isa = PBXFileReference; fileEncoding = 4; lastKnownFileType = sourcecode.c.objc; path = Arrays.m; sourceTree = "<group>"; };
		8D83A5EE1B96BD9100A9C258 /* ArraysTests.m */ = {isa = PBXFileReference; fileEncoding = 4; lastKnownFileType = sourcecode.c.objc; path = ArraysTests.m; sourceTree = "<group>"; };
		8DB08A8D1B98CEDA005190D3 /* Heap.h */ = {isa = PBXFileReference; fileEncoding = 4; lastKnownFileType = sourcecode.c.h; path = Heap.h; sourceTree = "<group>"; };
		8DB08A8E1B98CEDA005190D3 /* Heap.m */ = {isa = PBXFileReference; fileEncoding = 4; lastKnownFileType = sourcecode.c.objc; path = Heap.m; sourceTree = "<group>"; };
		8DB08A901B98CFF3005190D3 /* HeapTests.m */ = {isa = PBXFileReference; fileEncoding = 4; lastKnownFileType = sourcecode.c.objc; path = HeapTests.m; sourceTree = "<group>"; };
		8DCCCBC51BA0F0FF0081BFEB /* TMOperationQueue.h */ = {isa = PBXFileReference; fileEncoding = 4; lastKnownFileType = sourcecode.c.h; path = TMOperationQueue.h; sourceTree = "<group>"; };
		8DCCCBC61BA0F0FF0081BFEB /* TMOperationQueue.m */ = {isa = PBXFileReference; fileEncoding = 4; lastKnownFileType = sourcecode.c.objc; path = TMOperationQueue.m; sourceTree = "<group>"; };
		8DD632271B9A21210040B613 /* Cache.h */ = {isa = PBXFileReference; fileEncoding = 4; lastKnownFileType = sourcecode.c.h; path = Cache.h; sourceTree = "<group>"; };
		8DD632281B9A21210040B613 /* Cache.m */ = {isa = PBXFileReference; fileEncoding = 4; lastKnownFileType = sourcecode.c.objc; path = Cache.m; sourceTree = "<group>"; };
		8DD6322A1B9A23F00040B613 /* CacheTests.m */ = {isa = PBXFileReference; fileEncoding = 4; lastKnownFileType = sourcecode.c.objc; path = CacheTests.m; sourceTree = "<group>"; };
		8DE6BA941B93BFA200EB1E7A /* Interview Preparation.app */ = {isa = PBXFileReference; explicitFileType = wrapper.application; includeInIndex = 0; path = "Interview Preparation.app"; sourceTree = BUILT_PRODUCTS_DIR; };
		8DE6BA981B93BFA200EB1E7A /* Info.plist */ = {isa = PBXFileReference; lastKnownFileType = text.plist.xml; path = Info.plist; sourceTree = "<group>"; };
		8DE6BA991B93BFA200EB1E7A /* main.m */ = {isa = PBXFileReference; lastKnownFileType = sourcecode.c.objc; path = main.m; sourceTree = "<group>"; };
		8DE6BA9B1B93BFA200EB1E7A /* AppDelegate.h */ = {isa = PBXFileReference; lastKnownFileType = sourcecode.c.h; path = AppDelegate.h; sourceTree = "<group>"; };
		8DE6BA9C1B93BFA200EB1E7A /* AppDelegate.m */ = {isa = PBXFileReference; lastKnownFileType = sourcecode.c.objc; path = AppDelegate.m; sourceTree = "<group>"; };
		8DE6BA9E1B93BFA200EB1E7A /* ViewController.h */ = {isa = PBXFileReference; lastKnownFileType = sourcecode.c.h; path = ViewController.h; sourceTree = "<group>"; };
		8DE6BA9F1B93BFA200EB1E7A /* ViewController.m */ = {isa = PBXFileReference; lastKnownFileType = sourcecode.c.objc; path = ViewController.m; sourceTree = "<group>"; };
		8DE6BAA21B93BFA200EB1E7A /* Base */ = {isa = PBXFileReference; lastKnownFileType = file.storyboard; name = Base; path = Base.lproj/Main.storyboard; sourceTree = "<group>"; };
		8DE6BAA41B93BFA200EB1E7A /* Images.xcassets */ = {isa = PBXFileReference; lastKnownFileType = folder.assetcatalog; path = Images.xcassets; sourceTree = "<group>"; };
		8DE6BAA71B93BFA200EB1E7A /* Base */ = {isa = PBXFileReference; lastKnownFileType = file.xib; name = Base; path = Base.lproj/LaunchScreen.xib; sourceTree = "<group>"; };
		8DE6BAAD1B93BFA200EB1E7A /* Interview PreparationTests.xctest */ = {isa = PBXFileReference; explicitFileType = wrapper.cfbundle; includeInIndex = 0; path = "Interview PreparationTests.xctest"; sourceTree = BUILT_PRODUCTS_DIR; };
		8DE6BAB21B93BFA200EB1E7A /* Info.plist */ = {isa = PBXFileReference; lastKnownFileType = text.plist.xml; path = Info.plist; sourceTree = "<group>"; };
		8DE6BAB31B93BFA200EB1E7A /* Interview_PreparationTests.m */ = {isa = PBXFileReference; lastKnownFileType = sourcecode.c.objc; path = Interview_PreparationTests.m; sourceTree = "<group>"; };
		8DE6BAC41B93C1D800EB1E7A /* BinaryTreeNode.h */ = {isa = PBXFileReference; fileEncoding = 4; lastKnownFileType = sourcecode.c.h; path = BinaryTreeNode.h; sourceTree = "<group>"; };
		8DE6BAC51B93C1D800EB1E7A /* BinaryTreeNode.m */ = {isa = PBXFileReference; fileEncoding = 4; lastKnownFileType = sourcecode.c.objc; path = BinaryTreeNode.m; sourceTree = "<group>"; };
		8DE6BAC71B93C23D00EB1E7A /* BinaryTree.h */ = {isa = PBXFileReference; fileEncoding = 4; lastKnownFileType = sourcecode.c.h; path = BinaryTree.h; sourceTree = "<group>"; };
		8DE6BAC81B93C23D00EB1E7A /* BinaryTree.m */ = {isa = PBXFileReference; fileEncoding = 4; lastKnownFileType = sourcecode.c.objc; path = BinaryTree.m; sourceTree = "<group>"; };
		8DE6BACB1B93C5E300EB1E7A /* BinaryTreeTests.m */ = {isa = PBXFileReference; fileEncoding = 4; lastKnownFileType = sourcecode.c.objc; path = BinaryTreeTests.m; sourceTree = "<group>"; };
		8DE6BACE1B93E47A00EB1E7A /* NSMutableArray+Stack.h */ = {isa = PBXFileReference; fileEncoding = 4; lastKnownFileType = sourcecode.c.h; path = "NSMutableArray+Stack.h"; sourceTree = "<group>"; };
		8DE6BACF1B93E47A00EB1E7A /* NSMutableArray+Stack.m */ = {isa = PBXFileReference; fileEncoding = 4; lastKnownFileType = sourcecode.c.objc; path = "NSMutableArray+Stack.m"; sourceTree = "<group>"; };
/* End PBXFileReference section */

/* Begin PBXFrameworksBuildPhase section */
		8DE6BA911B93BFA200EB1E7A /* Frameworks */ = {
			isa = PBXFrameworksBuildPhase;
			buildActionMask = 2147483647;
			files = (
			);
			runOnlyForDeploymentPostprocessing = 0;
		};
		8DE6BAAA1B93BFA200EB1E7A /* Frameworks */ = {
			isa = PBXFrameworksBuildPhase;
			buildActionMask = 2147483647;
			files = (
			);
			runOnlyForDeploymentPostprocessing = 0;
		};
/* End PBXFrameworksBuildPhase section */

/* Begin PBXGroup section */
		8D24D8831B961FFA0078157C /* General */ = {
			isa = PBXGroup;
			children = (
				8D24D8841B9620010078157C /* General.h */,
				8D24D8851B9620010078157C /* General.m */,
			);
			name = General;
			sourceTree = "<group>";
		};
		8D24D8891B9622E20078157C /* Linked List */ = {
			isa = PBXGroup;
			children = (
				8D24D88A1B9622EB0078157C /* ListNode.h */,
				8D24D88B1B9622EB0078157C /* ListNode.m */,
				8D24D8961B962C180078157C /* ListUtils.h */,
				8D24D8971B962C180078157C /* ListUtils.m */,
			);
			name = "Linked List";
			sourceTree = "<group>";
		};
		8D24D88D1B96231C0078157C /* Compare */ = {
			isa = PBXGroup;
			children = (
				8D24D88E1B96232B0078157C /* NSObject+Compare.h */,
			);
			name = Compare;
			sourceTree = "<group>";
		};
		8D43AEB31B95234A004F6E90 /* Concurrency */ = {
			isa = PBXGroup;
			children = (
				8D43AEB91B9532C3004F6E90 /* Concurrency.h */,
				8D43AEBA1B9532C3004F6E90 /* Concurrency.m */,
			);
			name = Concurrency;
			sourceTree = "<group>";
		};
		8D7F2C781B9A1F4100C826C7 /* LRUCache */ = {
			isa = PBXGroup;
			children = (
				8DD632271B9A21210040B613 /* Cache.h */,
				8DD632281B9A21210040B613 /* Cache.m */,
			);
			name = LRUCache;
			sourceTree = "<group>";
		};
		8D83A5EA1B96BD7C00A9C258 /* Arrays */ = {
			isa = PBXGroup;
			children = (
				8D83A5EB1B96BD8500A9C258 /* Arrays.h */,
				8D83A5EC1B96BD8500A9C258 /* Arrays.m */,
			);
			name = Arrays;
			sourceTree = "<group>";
		};
		8DB08A8C1B98CECD005190D3 /* Heap */ = {
			isa = PBXGroup;
			children = (
				8DB08A8D1B98CEDA005190D3 /* Heap.h */,
				8DB08A8E1B98CEDA005190D3 /* Heap.m */,
			);
			name = Heap;
			sourceTree = "<group>";
		};
		8DCCCBC41BA0F0A60081BFEB /* TMOperationQueue */ = {
			isa = PBXGroup;
			children = (
				8DCCCBC51BA0F0FF0081BFEB /* TMOperationQueue.h */,
				8DCCCBC61BA0F0FF0081BFEB /* TMOperationQueue.m */,
			);
			name = TMOperationQueue;
			sourceTree = "<group>";
		};
		8DE6BA8B1B93BFA200EB1E7A = {
			isa = PBXGroup;
			children = (
				8DE6BA961B93BFA200EB1E7A /* Interview Preparation */,
				8DE6BAB01B93BFA200EB1E7A /* Interview PreparationTests */,
				8DE6BA951B93BFA200EB1E7A /* Products */,
			);
			sourceTree = "<group>";
		};
		8DE6BA951B93BFA200EB1E7A /* Products */ = {
			isa = PBXGroup;
			children = (
				8DE6BA941B93BFA200EB1E7A /* Interview Preparation.app */,
				8DE6BAAD1B93BFA200EB1E7A /* Interview PreparationTests.xctest */,
			);
			name = Products;
			sourceTree = "<group>";
		};
		8DE6BA961B93BFA200EB1E7A /* Interview Preparation */ = {
			isa = PBXGroup;
			children = (
				8DCCCBC41BA0F0A60081BFEB /* TMOperationQueue */,
				8D7F2C781B9A1F4100C826C7 /* LRUCache */,
				8DB08A8C1B98CECD005190D3 /* Heap */,
				8D83A5EA1B96BD7C00A9C258 /* Arrays */,
				8D24D88D1B96231C0078157C /* Compare */,
				8D24D8891B9622E20078157C /* Linked List */,
				8D24D8831B961FFA0078157C /* General */,
				8D43AEB31B95234A004F6E90 /* Concurrency */,
				8DE6BABD1B93C01D00EB1E7A /* Trees */,
				8DE6BA9B1B93BFA200EB1E7A /* AppDelegate.h */,
				8DE6BA9C1B93BFA200EB1E7A /* AppDelegate.m */,
				8DE6BA9E1B93BFA200EB1E7A /* ViewController.h */,
				8DE6BA9F1B93BFA200EB1E7A /* ViewController.m */,
				8DE6BAA11B93BFA200EB1E7A /* Main.storyboard */,
				8DE6BAA41B93BFA200EB1E7A /* Images.xcassets */,
				8DE6BAA61B93BFA200EB1E7A /* LaunchScreen.xib */,
				8DE6BA971B93BFA200EB1E7A /* Supporting Files */,
			);
			path = "Interview Preparation";
			sourceTree = "<group>";
		};
		8DE6BA971B93BFA200EB1E7A /* Supporting Files */ = {
			isa = PBXGroup;
			children = (
				8DE6BA981B93BFA200EB1E7A /* Info.plist */,
				8DE6BA991B93BFA200EB1E7A /* main.m */,
			);
			name = "Supporting Files";
			sourceTree = "<group>";
		};
		8DE6BAB01B93BFA200EB1E7A /* Interview PreparationTests */ = {
			isa = PBXGroup;
			children = (
				8D83A5EE1B96BD9100A9C258 /* ArraysTests.m */,
				8DE6BAB31B93BFA200EB1E7A /* Interview_PreparationTests.m */,
				8DE6BACB1B93C5E300EB1E7A /* BinaryTreeTests.m */,
				8D7381F71B94F935003CA8F7 /* NumberBinaryTreeTests.m */,
				8D43AEBC1B953349004F6E90 /* ConcurrencyTests.m */,
				8D24D8871B9620510078157C /* GeneralTests.m */,
				8D24D8941B9627EA0078157C /* LinkedListTests.m */,
				8DB08A901B98CFF3005190D3 /* HeapTests.m */,
				8DD6322A1B9A23F00040B613 /* CacheTests.m */,
				8DE6BAB11B93BFA200EB1E7A /* Supporting Files */,
			);
			path = "Interview PreparationTests";
			sourceTree = "<group>";
		};
		8DE6BAB11B93BFA200EB1E7A /* Supporting Files */ = {
			isa = PBXGroup;
			children = (
				8DE6BAB21B93BFA200EB1E7A /* Info.plist */,
			);
			name = "Supporting Files";
			sourceTree = "<group>";
		};
		8DE6BABD1B93C01D00EB1E7A /* Trees */ = {
			isa = PBXGroup;
			children = (
				8DE6BAC41B93C1D800EB1E7A /* BinaryTreeNode.h */,
				8DE6BAC51B93C1D800EB1E7A /* BinaryTreeNode.m */,
				8DE6BAC71B93C23D00EB1E7A /* BinaryTree.h */,
				8DE6BAC81B93C23D00EB1E7A /* BinaryTree.m */,
				8D7381EF1B94F4DD003CA8F7 /* NumberBinaryTree.h */,
				8D7381F01B94F4DD003CA8F7 /* NumberBinaryTree.m */,
				8DE6BACE1B93E47A00EB1E7A /* NSMutableArray+Stack.h */,
				8DE6BACF1B93E47A00EB1E7A /* NSMutableArray+Stack.m */,
			);
			name = Trees;
			sourceTree = "<group>";
		};
/* End PBXGroup section */

/* Begin PBXNativeTarget section */
		8DE6BA931B93BFA200EB1E7A /* Interview Preparation */ = {
			isa = PBXNativeTarget;
			buildConfigurationList = 8DE6BAB71B93BFA200EB1E7A /* Build configuration list for PBXNativeTarget "Interview Preparation" */;
			buildPhases = (
				8DE6BA901B93BFA200EB1E7A /* Sources */,
				8DE6BA911B93BFA200EB1E7A /* Frameworks */,
				8DE6BA921B93BFA200EB1E7A /* Resources */,
			);
			buildRules = (
			);
			dependencies = (
			);
			name = "Interview Preparation";
			productName = "Interview Preparation";
			productReference = 8DE6BA941B93BFA200EB1E7A /* Interview Preparation.app */;
			productType = "com.apple.product-type.application";
		};
		8DE6BAAC1B93BFA200EB1E7A /* Interview PreparationTests */ = {
			isa = PBXNativeTarget;
			buildConfigurationList = 8DE6BABA1B93BFA200EB1E7A /* Build configuration list for PBXNativeTarget "Interview PreparationTests" */;
			buildPhases = (
				8DE6BAA91B93BFA200EB1E7A /* Sources */,
				8DE6BAAA1B93BFA200EB1E7A /* Frameworks */,
				8DE6BAAB1B93BFA200EB1E7A /* Resources */,
			);
			buildRules = (
			);
			dependencies = (
				8DE6BAAF1B93BFA200EB1E7A /* PBXTargetDependency */,
			);
			name = "Interview PreparationTests";
			productName = "Interview PreparationTests";
			productReference = 8DE6BAAD1B93BFA200EB1E7A /* Interview PreparationTests.xctest */;
			productType = "com.apple.product-type.bundle.unit-test";
		};
/* End PBXNativeTarget section */

/* Begin PBXProject section */
		8DE6BA8C1B93BFA200EB1E7A /* Project object */ = {
			isa = PBXProject;
			attributes = {
				LastUpgradeCheck = 0640;
				ORGANIZATIONNAME = McAtee;
				TargetAttributes = {
					8DE6BA931B93BFA200EB1E7A = {
						CreatedOnToolsVersion = 6.4;
					};
					8DE6BAAC1B93BFA200EB1E7A = {
						CreatedOnToolsVersion = 6.4;
						TestTargetID = 8DE6BA931B93BFA200EB1E7A;
					};
				};
			};
			buildConfigurationList = 8DE6BA8F1B93BFA200EB1E7A /* Build configuration list for PBXProject "Interview Preparation" */;
			compatibilityVersion = "Xcode 3.2";
			developmentRegion = English;
			hasScannedForEncodings = 0;
			knownRegions = (
				en,
				Base,
			);
			mainGroup = 8DE6BA8B1B93BFA200EB1E7A;
			productRefGroup = 8DE6BA951B93BFA200EB1E7A /* Products */;
			projectDirPath = "";
			projectRoot = "";
			targets = (
				8DE6BA931B93BFA200EB1E7A /* Interview Preparation */,
				8DE6BAAC1B93BFA200EB1E7A /* Interview PreparationTests */,
			);
		};
/* End PBXProject section */

/* Begin PBXResourcesBuildPhase section */
		8DE6BA921B93BFA200EB1E7A /* Resources */ = {
			isa = PBXResourcesBuildPhase;
			buildActionMask = 2147483647;
			files = (
				8DE6BAA31B93BFA200EB1E7A /* Main.storyboard in Resources */,
				8DE6BAA81B93BFA200EB1E7A /* LaunchScreen.xib in Resources */,
				8DE6BAA51B93BFA200EB1E7A /* Images.xcassets in Resources */,
			);
			runOnlyForDeploymentPostprocessing = 0;
		};
		8DE6BAAB1B93BFA200EB1E7A /* Resources */ = {
			isa = PBXResourcesBuildPhase;
			buildActionMask = 2147483647;
			files = (
			);
			runOnlyForDeploymentPostprocessing = 0;
		};
/* End PBXResourcesBuildPhase section */

/* Begin PBXSourcesBuildPhase section */
		8DE6BA901B93BFA200EB1E7A /* Sources */ = {
			isa = PBXSourcesBuildPhase;
			buildActionMask = 2147483647;
			files = (
				8DB08A8F1B98CEDA005190D3 /* Heap.m in Sources */,
				8DE6BAD01B93E47A00EB1E7A /* NSMutableArray+Stack.m in Sources */,
				8D24D8981B962C180078157C /* ListUtils.m in Sources */,
				8DE6BAC91B93C23D00EB1E7A /* BinaryTree.m in Sources */,
				8DE6BAA01B93BFA200EB1E7A /* ViewController.m in Sources */,
				8D24D88C1B9622EB0078157C /* ListNode.m in Sources */,
				8D83A5ED1B96BD8500A9C258 /* Arrays.m in Sources */,
				8D43AEBB1B9532C3004F6E90 /* Concurrency.m in Sources */,
				8D7381F11B94F4DD003CA8F7 /* NumberBinaryTree.m in Sources */,
				8DE6BA9D1B93BFA200EB1E7A /* AppDelegate.m in Sources */,
				8DE6BAC61B93C1D800EB1E7A /* BinaryTreeNode.m in Sources */,
				8DD632291B9A21210040B613 /* Cache.m in Sources */,
				8DCCCBC71BA0F0FF0081BFEB /* TMOperationQueue.m in Sources */,
				8DE6BA9A1B93BFA200EB1E7A /* main.m in Sources */,
				8D24D8861B9620010078157C /* General.m in Sources */,
			);
			runOnlyForDeploymentPostprocessing = 0;
		};
		8DE6BAA91B93BFA200EB1E7A /* Sources */ = {
			isa = PBXSourcesBuildPhase;
			buildActionMask = 2147483647;
			files = (
				8D24D8881B9620510078157C /* GeneralTests.m in Sources */,
				8DD6322B1B9A23F00040B613 /* CacheTests.m in Sources */,
				8D83A5EF1B96BD9100A9C258 /* ArraysTests.m in Sources */,
				8DE6BACC1B93C5E300EB1E7A /* BinaryTreeTests.m in Sources */,
				8D7381F81B94F935003CA8F7 /* NumberBinaryTreeTests.m in Sources */,
				8DE6BAB41B93BFA200EB1E7A /* Interview_PreparationTests.m in Sources */,
				8D24D8951B9627EA0078157C /* LinkedListTests.m in Sources */,
				8D43AEBD1B953349004F6E90 /* ConcurrencyTests.m in Sources */,
				8DB08A911B98CFF3005190D3 /* HeapTests.m in Sources */,
			);
			runOnlyForDeploymentPostprocessing = 0;
		};
/* End PBXSourcesBuildPhase section */

/* Begin PBXTargetDependency section */
		8DE6BAAF1B93BFA200EB1E7A /* PBXTargetDependency */ = {
			isa = PBXTargetDependency;
			target = 8DE6BA931B93BFA200EB1E7A /* Interview Preparation */;
			targetProxy = 8DE6BAAE1B93BFA200EB1E7A /* PBXContainerItemProxy */;
		};
/* End PBXTargetDependency section */

/* Begin PBXVariantGroup section */
		8DE6BAA11B93BFA200EB1E7A /* Main.storyboard */ = {
			isa = PBXVariantGroup;
			children = (
				8DE6BAA21B93BFA200EB1E7A /* Base */,
			);
			name = Main.storyboard;
			sourceTree = "<group>";
		};
		8DE6BAA61B93BFA200EB1E7A /* LaunchScreen.xib */ = {
			isa = PBXVariantGroup;
			children = (
				8DE6BAA71B93BFA200EB1E7A /* Base */,
			);
			name = LaunchScreen.xib;
			sourceTree = "<group>";
		};
/* End PBXVariantGroup section */

/* Begin XCBuildConfiguration section */
		8DE6BAB51B93BFA200EB1E7A /* Debug */ = {
			isa = XCBuildConfiguration;
			buildSettings = {
				ALWAYS_SEARCH_USER_PATHS = NO;
				CLANG_CXX_LANGUAGE_STANDARD = "gnu++0x";
				CLANG_CXX_LIBRARY = "libc++";
				CLANG_ENABLE_MODULES = YES;
				CLANG_ENABLE_OBJC_ARC = YES;
				CLANG_WARN_BOOL_CONVERSION = YES;
				CLANG_WARN_CONSTANT_CONVERSION = YES;
				CLANG_WARN_DIRECT_OBJC_ISA_USAGE = YES_ERROR;
				CLANG_WARN_EMPTY_BODY = YES;
				CLANG_WARN_ENUM_CONVERSION = YES;
				CLANG_WARN_INT_CONVERSION = YES;
				CLANG_WARN_OBJC_ROOT_CLASS = YES_ERROR;
				CLANG_WARN_UNREACHABLE_CODE = YES;
				CLANG_WARN__DUPLICATE_METHOD_MATCH = YES;
				"CODE_SIGN_IDENTITY[sdk=iphoneos*]" = "iPhone Developer";
				COPY_PHASE_STRIP = NO;
				DEBUG_INFORMATION_FORMAT = "dwarf-with-dsym";
				ENABLE_STRICT_OBJC_MSGSEND = YES;
				GCC_C_LANGUAGE_STANDARD = gnu99;
				GCC_DYNAMIC_NO_PIC = NO;
				GCC_NO_COMMON_BLOCKS = YES;
				GCC_OPTIMIZATION_LEVEL = 0;
				GCC_PREPROCESSOR_DEFINITIONS = (
					"DEBUG=1",
					"$(inherited)",
				);
				GCC_SYMBOLS_PRIVATE_EXTERN = NO;
				GCC_WARN_64_TO_32_BIT_CONVERSION = YES;
				GCC_WARN_ABOUT_RETURN_TYPE = YES_ERROR;
				GCC_WARN_UNDECLARED_SELECTOR = YES;
				GCC_WARN_UNINITIALIZED_AUTOS = YES_AGGRESSIVE;
				GCC_WARN_UNUSED_FUNCTION = YES;
				GCC_WARN_UNUSED_VARIABLE = YES;
				IPHONEOS_DEPLOYMENT_TARGET = 8.4;
				MTL_ENABLE_DEBUG_INFO = YES;
				ONLY_ACTIVE_ARCH = YES;
				SDKROOT = iphoneos;
			};
			name = Debug;
		};
		8DE6BAB61B93BFA200EB1E7A /* Release */ = {
			isa = XCBuildConfiguration;
			buildSettings = {
				ALWAYS_SEARCH_USER_PATHS = NO;
				CLANG_CXX_LANGUAGE_STANDARD = "gnu++0x";
				CLANG_CXX_LIBRARY = "libc++";
				CLANG_ENABLE_MODULES = YES;
				CLANG_ENABLE_OBJC_ARC = YES;
				CLANG_WARN_BOOL_CONVERSION = YES;
				CLANG_WARN_CONSTANT_CONVERSION = YES;
				CLANG_WARN_DIRECT_OBJC_ISA_USAGE = YES_ERROR;
				CLANG_WARN_EMPTY_BODY = YES;
				CLANG_WARN_ENUM_CONVERSION = YES;
				CLANG_WARN_INT_CONVERSION = YES;
				CLANG_WARN_OBJC_ROOT_CLASS = YES_ERROR;
				CLANG_WARN_UNREACHABLE_CODE = YES;
				CLANG_WARN__DUPLICATE_METHOD_MATCH = YES;
				"CODE_SIGN_IDENTITY[sdk=iphoneos*]" = "iPhone Developer";
				COPY_PHASE_STRIP = NO;
				DEBUG_INFORMATION_FORMAT = "dwarf-with-dsym";
				ENABLE_NS_ASSERTIONS = NO;
				ENABLE_STRICT_OBJC_MSGSEND = YES;
				GCC_C_LANGUAGE_STANDARD = gnu99;
				GCC_NO_COMMON_BLOCKS = YES;
				GCC_WARN_64_TO_32_BIT_CONVERSION = YES;
				GCC_WARN_ABOUT_RETURN_TYPE = YES_ERROR;
				GCC_WARN_UNDECLARED_SELECTOR = YES;
				GCC_WARN_UNINITIALIZED_AUTOS = YES_AGGRESSIVE;
				GCC_WARN_UNUSED_FUNCTION = YES;
				GCC_WARN_UNUSED_VARIABLE = YES;
				IPHONEOS_DEPLOYMENT_TARGET = 8.4;
				MTL_ENABLE_DEBUG_INFO = NO;
				SDKROOT = iphoneos;
				VALIDATE_PRODUCT = YES;
			};
			name = Release;
		};
		8DE6BAB81B93BFA200EB1E7A /* Debug */ = {
			isa = XCBuildConfiguration;
			buildSettings = {
				ASSETCATALOG_COMPILER_APPICON_NAME = AppIcon;
				INFOPLIST_FILE = "Interview Preparation/Info.plist";
				LD_RUNPATH_SEARCH_PATHS = "$(inherited) @executable_path/Frameworks";
				PRODUCT_NAME = "$(TARGET_NAME)";
			};
			name = Debug;
		};
		8DE6BAB91B93BFA200EB1E7A /* Release */ = {
			isa = XCBuildConfiguration;
			buildSettings = {
				ASSETCATALOG_COMPILER_APPICON_NAME = AppIcon;
				INFOPLIST_FILE = "Interview Preparation/Info.plist";
				LD_RUNPATH_SEARCH_PATHS = "$(inherited) @executable_path/Frameworks";
				PRODUCT_NAME = "$(TARGET_NAME)";
			};
			name = Release;
		};
		8DE6BABB1B93BFA200EB1E7A /* Debug */ = {
			isa = XCBuildConfiguration;
			buildSettings = {
				BUNDLE_LOADER = "$(TEST_HOST)";
				FRAMEWORK_SEARCH_PATHS = (
					"$(SDKROOT)/Developer/Library/Frameworks",
					"$(inherited)",
				);
				GCC_PREPROCESSOR_DEFINITIONS = (
					"DEBUG=1",
					"$(inherited)",
				);
				INFOPLIST_FILE = "Interview PreparationTests/Info.plist";
				LD_RUNPATH_SEARCH_PATHS = "$(inherited) @executable_path/Frameworks @loader_path/Frameworks";
				PRODUCT_NAME = "$(TARGET_NAME)";
				TEST_HOST = "$(BUILT_PRODUCTS_DIR)/Interview Preparation.app/Interview Preparation";
			};
			name = Debug;
		};
		8DE6BABC1B93BFA200EB1E7A /* Release */ = {
			isa = XCBuildConfiguration;
			buildSettings = {
				BUNDLE_LOADER = "$(TEST_HOST)";
				FRAMEWORK_SEARCH_PATHS = (
					"$(SDKROOT)/Developer/Library/Frameworks",
					"$(inherited)",
				);
				INFOPLIST_FILE = "Interview PreparationTests/Info.plist";
				LD_RUNPATH_SEARCH_PATHS = "$(inherited) @executable_path/Frameworks @loader_path/Frameworks";
				PRODUCT_NAME = "$(TARGET_NAME)";
				TEST_HOST = "$(BUILT_PRODUCTS_DIR)/Interview Preparation.app/Interview Preparation";
			};
			name = Release;
		};
/* End XCBuildConfiguration section */

/* Begin XCConfigurationList section */
		8DE6BA8F1B93BFA200EB1E7A /* Build configuration list for PBXProject "Interview Preparation" */ = {
			isa = XCConfigurationList;
			buildConfigurations = (
				8DE6BAB51B93BFA200EB1E7A /* Debug */,
				8DE6BAB61B93BFA200EB1E7A /* Release */,
			);
			defaultConfigurationIsVisible = 0;
			defaultConfigurationName = Release;
		};
		8DE6BAB71B93BFA200EB1E7A /* Build configuration list for PBXNativeTarget "Interview Preparation" */ = {
			isa = XCConfigurationList;
			buildConfigurations = (
				8DE6BAB81B93BFA200EB1E7A /* Debug */,
				8DE6BAB91B93BFA200EB1E7A /* Release */,
			);
			defaultConfigurationIsVisible = 0;
			defaultConfigurationName = Release;
		};
		8DE6BABA1B93BFA200EB1E7A /* Build configuration list for PBXNativeTarget "Interview PreparationTests" */ = {
			isa = XCConfigurationList;
			buildConfigurations = (
				8DE6BABB1B93BFA200EB1E7A /* Debug */,
				8DE6BABC1B93BFA200EB1E7A /* Release */,
			);
			defaultConfigurationIsVisible = 0;
			defaultConfigurationName = Release;
		};
/* End XCConfigurationList section */
	};
	rootObject = 8DE6BA8C1B93BFA200EB1E7A /* Project object */;
}
